{
  "name": "bach-for-node-for-max",
  "version": "0.0.0",
  "lockfileVersion": 3,
  "requires": true,
  "packages": {
    "": {
      "name": "bach-for-node-for-max",
      "version": "0.0.0",
      "license": "ISC",
      "devDependencies": {
        "@types/max-api": "^1.1.0",
        "@types/node": "^18.14.1",
        "typescript": "^4.9.5"
      }
    },
    "node_modules/@types/max-api": {
      "version": "1.1.0",
      "resolved": "https://registry.npmjs.org/@types/max-api/-/max-api-1.1.0.tgz",
      "integrity": "sha512-CmmkQ1M56z4tEil4AXHzfO1dTvCTza8hB21YM6FzxzbhVVI6dJYOgemA3COLh5MmTCUig2ZyV0vVdzT+k3Lrng==",
      "dev": true
    },
    "node_modules/@types/node": {
      "version": "18.14.1",
      "resolved": "https://registry.npmjs.org/@types/node/-/node-18.14.1.tgz",
      "integrity": "sha512-QH+37Qds3E0eDlReeboBxfHbX9omAcBCXEzswCu6jySP642jiM3cYSIkU/REqwhCUqXdonHFuBfJDiAJxMNhaQ==",
      "dev": true
    },
    "node_modules/typescript": {
      "version": "4.9.5",
      "resolved": "https://registry.npmjs.org/typescript/-/typescript-4.9.5.tgz",
      "integrity": "sha512-1FXk9E2Hm+QzZQ7z+McJiHL4NW1F2EzMu9Nq9i3zAaGqibafqYwCVU6WyWAuyQRRzOlxou8xZSyXLEN8oKj24g==",
      "dev": true,
      "bin": {
        "tsc": "bin/tsc",
        "tsserver": "bin/tsserver"
      },
      "engines": {
        "node": ">=4.2.0"
      }
    }
  }
}
