# THIS IS AN AUTOGENERATED FILE. DO NOT EDIT THIS FILE DIRECTLY.
# yarn lockfile v1


"@types/lodash@^4.14.191":
  version "4.14.191"
  resolved "https://registry.yarnpkg.com/@types/lodash/-/lodash-4.14.191.tgz#09511e7f7cba275acd8b419ddac8da9a6a79e2fa"
  integrity sha512-BdZ5BCCvho3EIXw6wUCXHe7rS53AIDPLE+JzwgT+OsJk53oBfbSmZZ7CX4VaRoN78N+TJpFi9QPlfIVNmJYWxQ==

"@types/max-api@^1.1.0":
  version "1.1.0"
  resolved "https://registry.yarnpkg.com/@types/max-api/-/max-api-1.1.0.tgz#25c339acdd94bc3486cfb1d45bd9b580f8a98ebe"
  integrity sha512-CmmkQ1M56z4tEil4AXHzfO1dTvCTza8hB21YM6FzxzbhVVI6dJYOgemA3COLh5MmTCUig2ZyV0vVdzT+k3Lrng==

"@types/node@^18.14.1":
  version "18.14.1"
  resolved "https://registry.yarnpkg.com/@types/node/-/node-18.14.1.tgz#90dad8476f1e42797c49d6f8b69aaf9f876fc69f"
  integrity sha512-QH+37Qds3E0eDlReeboBxfHbX9omAcBCXEzswCu6jySP642jiM3cYSIkU/REqwhCUqXdonHFuBfJDiAJxMNhaQ==

lodash@^4.17.21:
  version "4.17.21"
  resolved "https://registry.yarnpkg.com/lodash/-/lodash-4.17.21.tgz#679591c564c3bffaae8454cf0b3df370c3d6911c"
  integrity sha512-v2kDEe57lecTulaDIuNTPy3Ry4gLGJ6Z1O3vE1krgXZNrsQ+LFTGHVxVjcXPs17LhbZVGedAJv8XZ1tvj5FvSg==

typescript@^4.9.5:
  version "4.9.5"
  resolved "https://registry.yarnpkg.com/typescript/-/typescript-4.9.5.tgz#095979f9bcc0d09da324d58d03ce8f8374cbe65a"
  integrity sha512-1FXk9E2Hm+QzZQ7z+McJiHL4NW1F2EzMu9Nq9i3zAaGqibafqYwCVU6WyWAuyQRRzOlxou8xZSyXLEN8oKj24g==
